
Microsoft Visual Studio Solution File, Format Version 12.00
# Visual Studio Version 17
VisualStudioVersion = 17.6.33815.320
MinimumVisualStudioVersion = 10.0.40219.1
Project("{8BC9CEB8-8B4A-11D0-8D11-00A0C91BC942}") = "类的封装", "类的封装\类的封装.vcxproj", "{3AB925E0-1ACE-442A-A7A9-6E400E9027B3}"
EndProject
Global
	GlobalSection(SolutionConfigurationPlatforms) = preSolution
		Debug|x64 = Debug|x64
		Debug|x86 = Debug|x86
		Release|x64 = Release|x64
		Release|x86 = Release|x86
	EndGlobalSection
	GlobalSection(ProjectConfigurationPlatforms) = postSolution
		{3AB925E0-1ACE-442A-A7A9-6E400E9027B3}.Debug|x64.ActiveCfg = Debug|x64
		{3AB925E0-1ACE-442A-A7A9-6E400E9027B3}.Debug|x64.Build.0 = Debug|x64
		{3AB925E0-1ACE-442A-A7A9-6E400E9027B3}.Debug|x86.ActiveCfg = Debug|Win32
		{3AB925E0-1ACE-442A-A7A9-6E400E9027B3}.Debug|x86.Build.0 = Debug|Win32
		{3AB925E0-1ACE-442A-A7A9-6E400E9027B3}.Release|x64.ActiveCfg = Release|x64
		{3AB925E0-1ACE-442A-A7A9-6E400E9027B3}.Release|x64.Build.0 = Release|x64
		{3AB925E0-1ACE-442A-A7A9-6E400E9027B3}.Release|x86.ActiveCfg = Release|Win32
		{3AB925E0-1ACE-442A-A7A9-6E400E9027B3}.Release|x86.Build.0 = Release|Win32
	EndGlobalSection
	GlobalSection(SolutionProperties) = preSolution
		HideSolutionNode = FALSE
	EndGlobalSection
	GlobalSection(ExtensibilityGlobals) = postSolution
		SolutionGuid = {B5B542F2-3D63-434C-9F28-04E3E16654E6}
	EndGlobalSection
EndGlobal
