
Microsoft Visual Studio Solution File, Format Version 12.00
# Visual Studio Version 17
VisualStudioVersion = 17.6.33815.320
MinimumVisualStudioVersion = 10.0.40219.1
Project("{8BC9CEB8-8B4A-11D0-8D11-00A0C91BC942}") = "011 set排序规则指定练习 cpp", "011 set排序规则指定练习 cpp\011 set排序规则指定练习 cpp.vcxproj", "{587CFB9B-EB47-4A9B-8ACE-659788CDC1F9}"
EndProject
Global
	GlobalSection(SolutionConfigurationPlatforms) = preSolution
		Debug|x64 = Debug|x64
		Debug|x86 = Debug|x86
		Release|x64 = Release|x64
		Release|x86 = Release|x86
	EndGlobalSection
	GlobalSection(ProjectConfigurationPlatforms) = postSolution
		{587CFB9B-EB47-4A9B-8ACE-659788CDC1F9}.Debug|x64.ActiveCfg = Debug|x64
		{587CFB9B-EB47-4A9B-8ACE-659788CDC1F9}.Debug|x64.Build.0 = Debug|x64
		{587CFB9B-EB47-4A9B-8ACE-659788CDC1F9}.Debug|x86.ActiveCfg = Debug|Win32
		{587CFB9B-EB47-4A9B-8ACE-659788CDC1F9}.Debug|x86.Build.0 = Debug|Win32
		{587CFB9B-EB47-4A9B-8ACE-659788CDC1F9}.Release|x64.ActiveCfg = Release|x64
		{587CFB9B-EB47-4A9B-8ACE-659788CDC1F9}.Release|x64.Build.0 = Release|x64
		{587CFB9B-EB47-4A9B-8ACE-659788CDC1F9}.Release|x86.ActiveCfg = Release|Win32
		{587CFB9B-EB47-4A9B-8ACE-659788CDC1F9}.Release|x86.Build.0 = Release|Win32
	EndGlobalSection
	GlobalSection(SolutionProperties) = preSolution
		HideSolutionNode = FALSE
	EndGlobalSection
	GlobalSection(ExtensibilityGlobals) = postSolution
		SolutionGuid = {359E270A-C6AF-4119-BB25-D6D99F2099D4}
	EndGlobalSection
EndGlobal
