
Microsoft Visual Studio Solution File, Format Version 12.00
# Visual Studio Version 17
VisualStudioVersion = 17.6.33815.320
MinimumVisualStudioVersion = 10.0.40219.1
Project("{8BC9CEB8-8B4A-11D0-8D11-00A0C91BC942}") = "结构体练习2 cpp", "结构体练习2 cpp\结构体练习2 cpp.vcxproj", "{B6B7CD80-5312-42BE-8358-DA2DBC6C1532}"
EndProject
Global
	GlobalSection(SolutionConfigurationPlatforms) = preSolution
		Debug|x64 = Debug|x64
		Debug|x86 = Debug|x86
		Release|x64 = Release|x64
		Release|x86 = Release|x86
	EndGlobalSection
	GlobalSection(ProjectConfigurationPlatforms) = postSolution
		{B6B7CD80-5312-42BE-8358-DA2DBC6C1532}.Debug|x64.ActiveCfg = Debug|x64
		{B6B7CD80-5312-42BE-8358-DA2DBC6C1532}.Debug|x64.Build.0 = Debug|x64
		{B6B7CD80-5312-42BE-8358-DA2DBC6C1532}.Debug|x86.ActiveCfg = Debug|Win32
		{B6B7CD80-5312-42BE-8358-DA2DBC6C1532}.Debug|x86.Build.0 = Debug|Win32
		{B6B7CD80-5312-42BE-8358-DA2DBC6C1532}.Release|x64.ActiveCfg = Release|x64
		{B6B7CD80-5312-42BE-8358-DA2DBC6C1532}.Release|x64.Build.0 = Release|x64
		{B6B7CD80-5312-42BE-8358-DA2DBC6C1532}.Release|x86.ActiveCfg = Release|Win32
		{B6B7CD80-5312-42BE-8358-DA2DBC6C1532}.Release|x86.Build.0 = Release|Win32
	EndGlobalSection
	GlobalSection(SolutionProperties) = preSolution
		HideSolutionNode = FALSE
	EndGlobalSection
	GlobalSection(ExtensibilityGlobals) = postSolution
		SolutionGuid = {5FA64909-811C-49F8-9CF9-1F8335A06F18}
	EndGlobalSection
EndGlobal
