
Microsoft Visual Studio Solution File, Format Version 12.00
# Visual Studio Version 17
VisualStudioVersion = 17.6.33815.320
MinimumVisualStudioVersion = 10.0.40219.1
Project("{8BC9CEB8-8B4A-11D0-8D11-00A0C91BC942}") = "机房预约系统2.cpp", "机房预约系统2.cpp\机房预约系统2.cpp.vcxproj", "{985A0E29-4DC3-42A2-BDC8-17A1582071A5}"
EndProject
Global
	GlobalSection(SolutionConfigurationPlatforms) = preSolution
		Debug|x64 = Debug|x64
		Debug|x86 = Debug|x86
		Release|x64 = Release|x64
		Release|x86 = Release|x86
	EndGlobalSection
	GlobalSection(ProjectConfigurationPlatforms) = postSolution
		{985A0E29-4DC3-42A2-BDC8-17A1582071A5}.Debug|x64.ActiveCfg = Debug|x64
		{985A0E29-4DC3-42A2-BDC8-17A1582071A5}.Debug|x64.Build.0 = Debug|x64
		{985A0E29-4DC3-42A2-BDC8-17A1582071A5}.Debug|x86.ActiveCfg = Debug|Win32
		{985A0E29-4DC3-42A2-BDC8-17A1582071A5}.Debug|x86.Build.0 = Debug|Win32
		{985A0E29-4DC3-42A2-BDC8-17A1582071A5}.Release|x64.ActiveCfg = Release|x64
		{985A0E29-4DC3-42A2-BDC8-17A1582071A5}.Release|x64.Build.0 = Release|x64
		{985A0E29-4DC3-42A2-BDC8-17A1582071A5}.Release|x86.ActiveCfg = Release|Win32
		{985A0E29-4DC3-42A2-BDC8-17A1582071A5}.Release|x86.Build.0 = Release|Win32
	EndGlobalSection
	GlobalSection(SolutionProperties) = preSolution
		HideSolutionNode = FALSE
	EndGlobalSection
	GlobalSection(ExtensibilityGlobals) = postSolution
		SolutionGuid = {A9B2CA0F-B453-4364-AD35-525F3D9538EF}
	EndGlobalSection
EndGlobal
