
Microsoft Visual Studio Solution File, Format Version 12.00
# Visual Studio Version 17
VisualStudioVersion = 17.6.33815.320
MinimumVisualStudioVersion = 10.0.40219.1
Project("{8BC9CEB8-8B4A-11D0-8D11-00A0C91BC942}") = "三只小猪称体重", "三只小猪称体重\三只小猪称体重.vcxproj", "{902FD23B-B08E-4804-A419-CA1CADF27D3D}"
EndProject
Global
	GlobalSection(SolutionConfigurationPlatforms) = preSolution
		Debug|x64 = Debug|x64
		Debug|x86 = Debug|x86
		Release|x64 = Release|x64
		Release|x86 = Release|x86
	EndGlobalSection
	GlobalSection(ProjectConfigurationPlatforms) = postSolution
		{902FD23B-B08E-4804-A419-CA1CADF27D3D}.Debug|x64.ActiveCfg = Debug|x64
		{902FD23B-B08E-4804-A419-CA1CADF27D3D}.Debug|x64.Build.0 = Debug|x64
		{902FD23B-B08E-4804-A419-CA1CADF27D3D}.Debug|x86.ActiveCfg = Debug|Win32
		{902FD23B-B08E-4804-A419-CA1CADF27D3D}.Debug|x86.Build.0 = Debug|Win32
		{902FD23B-B08E-4804-A419-CA1CADF27D3D}.Release|x64.ActiveCfg = Release|x64
		{902FD23B-B08E-4804-A419-CA1CADF27D3D}.Release|x64.Build.0 = Release|x64
		{902FD23B-B08E-4804-A419-CA1CADF27D3D}.Release|x86.ActiveCfg = Release|Win32
		{902FD23B-B08E-4804-A419-CA1CADF27D3D}.Release|x86.Build.0 = Release|Win32
	EndGlobalSection
	GlobalSection(SolutionProperties) = preSolution
		HideSolutionNode = FALSE
	EndGlobalSection
	GlobalSection(ExtensibilityGlobals) = postSolution
		SolutionGuid = {861BB5A4-2690-4541-B7F7-FE439FF249FA}
	EndGlobalSection
EndGlobal
