
Microsoft Visual Studio Solution File, Format Version 12.00
# Visual Studio Version 17
VisualStudioVersion = 17.6.33815.320
MinimumVisualStudioVersion = 10.0.40219.1
Project("{8BC9CEB8-8B4A-11D0-8D11-00A0C91BC942}") = "006 vector存放各种数据类型 cpp", "006 vector存放各种数据类型 cpp\006 vector存放各种数据类型 cpp.vcxproj", "{C0B062D7-61F1-4BA0-A053-D5503DEA3E4A}"
EndProject
Global
	GlobalSection(SolutionConfigurationPlatforms) = preSolution
		Debug|x64 = Debug|x64
		Debug|x86 = Debug|x86
		Release|x64 = Release|x64
		Release|x86 = Release|x86
	EndGlobalSection
	GlobalSection(ProjectConfigurationPlatforms) = postSolution
		{C0B062D7-61F1-4BA0-A053-D5503DEA3E4A}.Debug|x64.ActiveCfg = Debug|x64
		{C0B062D7-61F1-4BA0-A053-D5503DEA3E4A}.Debug|x64.Build.0 = Debug|x64
		{C0B062D7-61F1-4BA0-A053-D5503DEA3E4A}.Debug|x86.ActiveCfg = Debug|Win32
		{C0B062D7-61F1-4BA0-A053-D5503DEA3E4A}.Debug|x86.Build.0 = Debug|Win32
		{C0B062D7-61F1-4BA0-A053-D5503DEA3E4A}.Release|x64.ActiveCfg = Release|x64
		{C0B062D7-61F1-4BA0-A053-D5503DEA3E4A}.Release|x64.Build.0 = Release|x64
		{C0B062D7-61F1-4BA0-A053-D5503DEA3E4A}.Release|x86.ActiveCfg = Release|Win32
		{C0B062D7-61F1-4BA0-A053-D5503DEA3E4A}.Release|x86.Build.0 = Release|Win32
	EndGlobalSection
	GlobalSection(SolutionProperties) = preSolution
		HideSolutionNode = FALSE
	EndGlobalSection
	GlobalSection(ExtensibilityGlobals) = postSolution
		SolutionGuid = {DB584339-C31F-423F-840A-C3FD6FB2CC8B}
	EndGlobalSection
EndGlobal
